
Microsoft Visual Studio Solution File, Format Version 12.00
Project("{FAE04EC0-301F-11D3-BF4B-00C04F79EFBC}") = "StrawberryShakeWebApplicationFactory", "StrawberryShakeWebApplicationFactory\StrawberryShakeWebApplicationFactory.csproj", "{67F65B80-FA70-416F-A0E9-BCF77E632D39}"
EndProject
Project("{FAE04EC0-301F-11D3-BF4B-00C04F79EFBC}") = "IntegrationTests", "IntegrationTests\IntegrationTests.csproj", "{4188BC37-DAC9-4D03-A4F5-8642BB549692}"
EndProject
Global
	GlobalSection(SolutionConfigurationPlatforms) = preSolution
		Debug|Any CPU = Debug|Any CPU
		Release|Any CPU = Release|Any CPU
	EndGlobalSection
	GlobalSection(ProjectConfigurationPlatforms) = postSolution
		{67F65B80-FA70-416F-A0E9-BCF77E632D39}.Debug|Any CPU.ActiveCfg = Debug|Any CPU
		{67F65B80-FA70-416F-A0E9-BCF77E632D39}.Debug|Any CPU.Build.0 = Debug|Any CPU
		{67F65B80-FA70-416F-A0E9-BCF77E632D39}.Release|Any CPU.ActiveCfg = Release|Any CPU
		{67F65B80-FA70-416F-A0E9-BCF77E632D39}.Release|Any CPU.Build.0 = Release|Any CPU
		{4188BC37-DAC9-4D03-A4F5-8642BB549692}.Debug|Any CPU.ActiveCfg = Debug|Any CPU
		{4188BC37-DAC9-4D03-A4F5-8642BB549692}.Debug|Any CPU.Build.0 = Debug|Any CPU
		{4188BC37-DAC9-4D03-A4F5-8642BB549692}.Release|Any CPU.ActiveCfg = Release|Any CPU
		{4188BC37-DAC9-4D03-A4F5-8642BB549692}.Release|Any CPU.Build.0 = Release|Any CPU
	EndGlobalSection
EndGlobal
